// !$*UTF8*$!
{
	archiveVersion = 1;
	classes = {
	};
	objectVersion = 50;
	objects = {

/* Begin PBXBuildFile section */
		56CB45E223D975FE00906869 /* AppDelegate.swift in Sources */ = {isa = PBXBuildFile; fileRef = 56CB45E123D975FE00906869 /* AppDelegate.swift */; };
		56CB45E423D975FE00906869 /* SceneDelegate.swift in Sources */ = {isa = PBXBuildFile; fileRef = 56CB45E323D975FE00906869 /* SceneDelegate.swift */; };
		56CB45E623D975FE00906869 /* ViewController.swift in Sources */ = {isa = PBXBuildFile; fileRef = 56CB45E523D975FE00906869 /* ViewController.swift */; };
		56CB45E923D975FE00906869 /* Main.storyboard in Resources */ = {isa = PBXBuildFile; fileRef = 56CB45E723D975FE00906869 /* Main.storyboard */; };
		56CB45EC23D975FE00906869 /* TabTab.xcdatamodeld in Sources */ = {isa = PBXBuildFile; fileRef = 56CB45EA23D975FE00906869 /* TabTab.xcdatamodeld */; };
		56CB45EE23D975FF00906869 /* Assets.xcassets in Resources */ = {isa = PBXBuildFile; fileRef = 56CB45ED23D975FF00906869 /* Assets.xcassets */; };
		56CB45F123D975FF00906869 /* LaunchScreen.storyboard in Resources */ = {isa = PBXBuildFile; fileRef = 56CB45EF23D975FF00906869 /* LaunchScreen.storyboard */; };
/* End PBXBuildFile section */

/* Begin PBXFileReference section */
		56CB45DE23D975FE00906869 /* TabTab.app */ = {isa = PBXFileReference; explicitFileType = wrapper.application; includeInIndex = 0; path = TabTab.app; sourceTree = BUILT_PRODUCTS_DIR; };
		56CB45E123D975FE00906869 /* AppDelegate.swift */ = {isa = PBXFileReference; lastKnownFileType = sourcecode.swift; path = AppDelegate.swift; sourceTree = "<group>"; };
		56CB45E323D975FE00906869 /* SceneDelegate.swift */ = {isa = PBXFileReference; lastKnownFileType = sourcecode.swift; path = SceneDelegate.swift; sourceTree = "<group>"; };
		56CB45E523D975FE00906869 /* ViewController.swift */ = {isa = PBXFileReference; lastKnownFileType = sourcecode.swift; path = ViewController.swift; sourceTree = "<group>"; };
		56CB45E823D975FE00906869 /* Base */ = {isa = PBXFileReference; lastKnownFileType = file.storyboard; name = Base; path = Base.lproj/Main.storyboard; sourceTree = "<group>"; };
		56CB45EB23D975FE00906869 /* TabTab.xcdatamodel */ = {isa = PBXFileReference; lastKnownFileType = wrapper.xcdatamodel; path = TabTab.xcdatamodel; sourceTree = "<group>"; };
		56CB45ED23D975FF00906869 /* Assets.xcassets */ = {isa = PBXFileReference; lastKnownFileType = folder.assetcatalog; path = Assets.xcassets; sourceTree = "<group>"; };
		56CB45F023D975FF00906869 /* Base */ = {isa = PBXFileReference; lastKnownFileType = file.storyboard; name = Base; path = Base.lproj/LaunchScreen.storyboard; sourceTree = "<group>"; };
		56CB45F223D975FF00906869 /* Info.plist */ = {isa = PBXFileReference; lastKnownFileType = text.plist.xml; path = Info.plist; sourceTree = "<group>"; };
/* End PBXFileReference section */

/* Begin PBXFrameworksBuildPhase section */
		56CB45DB23D975FE00906869 /* Frameworks */ = {
			isa = PBXFrameworksBuildPhase;
			buildActionMask = 2147483647;
			files = (
			);
			runOnlyForDeploymentPostprocessing = 0;
		};
/* End PBXFrameworksBuildPhase section */

/* Begin PBXGroup section */
		56CB45D523D975FE00906869 = {
			isa = PBXGroup;
			children = (
				56CB45E023D975FE00906869 /* TabTab */,
				56CB45DF23D975FE00906869 /* Products */,
			);
			sourceTree = "<group>";
		};
		56CB45DF23D975FE00906869 /* Products */ = {
			isa = PBXGroup;
			children = (
				56CB45DE23D975FE00906869 /* TabTab.app */,
			);
			name = Products;
			sourceTree = "<group>";
		};
		56CB45E023D975FE00906869 /* TabTab */ = {
			isa = PBXGroup;
			children = (
				56CB45E123D975FE00906869 /* AppDelegate.swift */,
				56CB45E323D975FE00906869 /* SceneDelegate.swift */,
				56CB45E523D975FE00906869 /* ViewController.swift */,
				56CB45E723D975FE00906869 /* Main.storyboard */,
				56CB45ED23D975FF00906869 /* Assets.xcassets */,
				56CB45EF23D975FF00906869 /* LaunchScreen.storyboard */,
				56CB45F223D975FF00906869 /* Info.plist */,
				56CB45EA23D975FE00906869 /* TabTab.xcdatamodeld */,
			);
			path = TabTab;
			sourceTree = "<group>";
		};
/* End PBXGroup section */

/* Begin PBXNativeTarget section */
		56CB45DD23D975FE00906869 /* TabTab */ = {
			isa = PBXNativeTarget;
			buildConfigurationList = 56CB45F523D975FF00906869 /* Build configuration list for PBXNativeTarget "TabTab" */;
			buildPhases = (
				56CB45DA23D975FE00906869 /* Sources */,
				56CB45DB23D975FE00906869 /* Frameworks */,
				56CB45DC23D975FE00906869 /* Resources */,
			);
			buildRules = (
			);
			dependencies = (
			);
			name = TabTab;
			productName = TabTab;
			productReference = 56CB45DE23D975FE00906869 /* TabTab.app */;
			productType = "com.apple.product-type.application";
		};
/* End PBXNativeTarget section */

/* Begin PBXProject section */
		56CB45D623D975FE00906869 /* Project object */ = {
			isa = PBXProject;
			attributes = {
				LastSwiftUpdateCheck = 1130;
				LastUpgradeCheck = 1130;
				ORGANIZATIONNAME = Charles;
				TargetAttributes = {
					56CB45DD23D975FE00906869 = {
						CreatedOnToolsVersion = 11.3.1;
					};
				};
			};
			buildConfigurationList = 56CB45D923D975FE00906869 /* Build configuration list for PBXProject "TabTab" */;
			compatibilityVersion = "Xcode 9.3";
			developmentRegion = en;
			hasScannedForEncodings = 0;
			knownRegions = (
				en,
				Base,
			);
			mainGroup = 56CB45D523D975FE00906869;
			productRefGroup = 56CB45DF23D975FE00906869 /* Products */;
			projectDirPath = "";
			projectRoot = "";
			targets = (
				56CB45DD23D975FE00906869 /* TabTab */,
			);
		};
/* End PBXProject section */

/* Begin PBXResourcesBuildPhase section */
		56CB45DC23D975FE00906869 /* Resources */ = {
			isa = PBXResourcesBuildPhase;
			buildActionMask = 2147483647;
			files = (
				56CB45F123D975FF00906869 /* LaunchScreen.storyboard in Resources */,
				56CB45EE23D975FF00906869 /* Assets.xcassets in Resources */,
				56CB45E923D975FE00906869 /* Main.storyboard in Resources */,
			);
			runOnlyForDeploymentPostprocessing = 0;
		};
/* End PBXResourcesBuildPhase section */

/* Begin PBXSourcesBuildPhase section */
		56CB45DA23D975FE00906869 /* Sources */ = {
			isa = PBXSourcesBuildPhase;
			buildActionMask = 2147483647;
			files = (
				56CB45E623D975FE00906869 /* ViewController.swift in Sources */,
				56CB45EC23D975FE00906869 /* TabTab.xcdatamodeld in Sources */,
				56CB45E223D975FE00906869 /* AppDelegate.swift in Sources */,
				56CB45E423D975FE00906869 /* SceneDelegate.swift in Sources */,
			);
			runOnlyForDeploymentPostprocessing = 0;
		};
/* End PBXSourcesBuildPhase section */

/* Begin PBXVariantGroup section */
		56CB45E723D975FE00906869 /* Main.storyboard */ = {
			isa = PBXVariantGroup;
			children = (
				56CB45E823D975FE00906869 /* Base */,
			);
			name = Main.storyboard;
			sourceTree = "<group>";
		};
		56CB45EF23D975FF00906869 /* LaunchScreen.storyboard */ = {
			isa = PBXVariantGroup;
			children = (
				56CB45F023D975FF00906869 /* Base */,
			);
			name = LaunchScreen.storyboard;
			sourceTree = "<group>";
		};
/* End PBXVariantGroup section */

/* Begin XCBuildConfiguration section */
		56CB45F323D975FF00906869 /* Debug */ = {
			isa = XCBuildConfiguration;
			buildSettings = {
				ALWAYS_SEARCH_USER_PATHS = NO;
				CLANG_ANALYZER_NONNULL = YES;
				CLANG_ANALYZER_NUMBER_OBJECT_CONVERSION = YES_AGGRESSIVE;
				CLANG_CXX_LANGUAGE_STANDARD = "gnu++14";
				CLANG_CXX_LIBRARY = "libc++";
				CLANG_ENABLE_MODULES = YES;
				CLANG_ENABLE_OBJC_ARC = YES;
				CLANG_ENABLE_OBJC_WEAK = YES;
				CLANG_WARN_BLOCK_CAPTURE_AUTORELEASING = YES;
				CLANG_WARN_BOOL_CONVERSION = YES;
				CLANG_WARN_COMMA = YES;
				CLANG_WARN_CONSTANT_CONVERSION = YES;
				CLANG_WARN_DEPRECATED_OBJC_IMPLEMENTATIONS = YES;
				CLANG_WARN_DIRECT_OBJC_ISA_USAGE = YES_ERROR;
				CLANG_WARN_DOCUMENTATION_COMMENTS = YES;
				CLANG_WARN_EMPTY_BODY = YES;
				CLANG_WARN_ENUM_CONVERSION = YES;
				CLANG_WARN_INFINITE_RECURSION = YES;
				CLANG_WARN_INT_CONVERSION = YES;
				CLANG_WARN_NON_LITERAL_NULL_CONVERSION = YES;
				CLANG_WARN_OBJC_IMPLICIT_RETAIN_SELF = YES;
				CLANG_WARN_OBJC_LITERAL_CONVERSION = YES;
				CLANG_WARN_OBJC_ROOT_CLASS = YES_ERROR;
				CLANG_WARN_RANGE_LOOP_ANALYSIS = YES;
				CLANG_WARN_STRICT_PROTOTYPES = YES;
				CLANG_WARN_SUSPICIOUS_MOVE = YES;
				CLANG_WARN_UNGUARDED_AVAILABILITY = YES_AGGRESSIVE;
				CLANG_WARN_UNREACHABLE_CODE = YES;
				CLANG_WARN__DUPLICATE_METHOD_MATCH = YES;
				COPY_PHASE_STRIP = NO;
				DEBUG_INFORMATION_FORMAT = dwarf;
				ENABLE_STRICT_OBJC_MSGSEND = YES;
				ENABLE_TESTABILITY = YES;
				GCC_C_LANGUAGE_STANDARD = gnu11;
				GCC_DYNAMIC_NO_PIC = NO;
				GCC_NO_COMMON_BLOCKS = YES;
				GCC_OPTIMIZATION_LEVEL = 0;
				GCC_PREPROCESSOR_DEFINITIONS = (
					"DEBUG=1",
					"$(inherited)",
				);
				GCC_WARN_64_TO_32_BIT_CONVERSION = YES;
				GCC_WARN_ABOUT_RETURN_TYPE = YES_ERROR;
				GCC_WARN_UNDECLARED_SELECTOR = YES;
				GCC_WARN_UNINITIALIZED_AUTOS = YES_AGGRESSIVE;
				GCC_WARN_UNUSED_FUNCTION = YES;
				GCC_WARN_UNUSED_VARIABLE = YES;
				IPHONEOS_DEPLOYMENT_TARGET = 13.2;
				MTL_ENABLE_DEBUG_INFO = INCLUDE_SOURCE;
				MTL_FAST_MATH = YES;
				ONLY_ACTIVE_ARCH = YES;
				SDKROOT = iphoneos;
				SWIFT_ACTIVE_COMPILATION_CONDITIONS = DEBUG;
				SWIFT_OPTIMIZATION_LEVEL = "-Onone";
			};
			name = Debug;
		};
		56CB45F423D975FF00906869 /* Release */ = {
			isa = XCBuildConfiguration;
			buildSettings = {
				ALWAYS_SEARCH_USER_PATHS = NO;
				CLANG_ANALYZER_NONNULL = YES;
				CLANG_ANALYZER_NUMBER_OBJECT_CONVERSION = YES_AGGRESSIVE;
				CLANG_CXX_LANGUAGE_STANDARD = "gnu++14";
				CLANG_CXX_LIBRARY = "libc++";
				CLANG_ENABLE_MODULES = YES;
				CLANG_ENABLE_OBJC_ARC = YES;
				CLANG_ENABLE_OBJC_WEAK = YES;
				CLANG_WARN_BLOCK_CAPTURE_AUTORELEASING = YES;
				CLANG_WARN_BOOL_CONVERSION = YES;
				CLANG_WARN_COMMA = YES;
				CLANG_WARN_CONSTANT_CONVERSION = YES;
				CLANG_WARN_DEPRECATED_OBJC_IMPLEMENTATIONS = YES;
				CLANG_WARN_DIRECT_OBJC_ISA_USAGE = YES_ERROR;
				CLANG_WARN_DOCUMENTATION_COMMENTS = YES;
				CLANG_WARN_EMPTY_BODY = YES;
				CLANG_WARN_ENUM_CONVERSION = YES;
				CLANG_WARN_INFINITE_RECURSION = YES;
				CLANG_WARN_INT_CONVERSION = YES;
				CLANG_WARN_NON_LITERAL_NULL_CONVERSION = YES;
				CLANG_WARN_OBJC_IMPLICIT_RETAIN_SELF = YES;
				CLANG_WARN_OBJC_LITERAL_CONVERSION = YES;
				CLANG_WARN_OBJC_ROOT_CLASS = YES_ERROR;
				CLANG_WARN_RANGE_LOOP_ANALYSIS = YES;
				CLANG_WARN_STRICT_PROTOTYPES = YES;
				CLANG_WARN_SUSPICIOUS_MOVE = YES;
				CLANG_WARN_UNGUARDED_AVAILABILITY = YES_AGGRESSIVE;
				CLANG_WARN_UNREACHABLE_CODE = YES;
				CLANG_WARN__DUPLICATE_METHOD_MATCH = YES;
				COPY_PHASE_STRIP = NO;
				DEBUG_INFORMATION_FORMAT = "dwarf-with-dsym";
				ENABLE_NS_ASSERTIONS = NO;
				ENABLE_STRICT_OBJC_MSGSEND = YES;
				GCC_C_LANGUAGE_STANDARD = gnu11;
				GCC_NO_COMMON_BLOCKS = YES;
				GCC_WARN_64_TO_32_BIT_CONVERSION = YES;
				GCC_WARN_ABOUT_RETURN_TYPE = YES_ERROR;
				GCC_WARN_UNDECLARED_SELECTOR = YES;
				GCC_WARN_UNINITIALIZED_AUTOS = YES_AGGRESSIVE;
				GCC_WARN_UNUSED_FUNCTION = YES;
				GCC_WARN_UNUSED_VARIABLE = YES;
				IPHONEOS_DEPLOYMENT_TARGET = 13.2;
				MTL_ENABLE_DEBUG_INFO = NO;
				MTL_FAST_MATH = YES;
				SDKROOT = iphoneos;
				SWIFT_COMPILATION_MODE = wholemodule;
				SWIFT_OPTIMIZATION_LEVEL = "-O";
				VALIDATE_PRODUCT = YES;
			};
			name = Release;
		};
		56CB45F623D975FF00906869 /* Debug */ = {
			isa = XCBuildConfiguration;
			buildSettings = {
				ASSETCATALOG_COMPILER_APPICON_NAME = AppIcon;
				CODE_SIGN_STYLE = Automatic;
				DEVELOPMENT_TEAM = 8SQQ2QJ45B;
				INFOPLIST_FILE = TabTab/Info.plist;
				LD_RUNPATH_SEARCH_PATHS = (
					"$(inherited)",
					"@executable_path/Frameworks",
				);
				PRODUCT_BUNDLE_IDENTIFIER = sg.charles.TabTab;
				PRODUCT_NAME = "$(TARGET_NAME)";
				SWIFT_VERSION = 5.0;
				TARGETED_DEVICE_FAMILY = "1,2";
			};
			name = Debug;
		};
		56CB45F723D975FF00906869 /* Release */ = {
			isa = XCBuildConfiguration;
			buildSettings = {
				ASSETCATALOG_COMPILER_APPICON_NAME = AppIcon;
				CODE_SIGN_STYLE = Automatic;
				DEVELOPMENT_TEAM = 8SQQ2QJ45B;
				INFOPLIST_FILE = TabTab/Info.plist;
				LD_RUNPATH_SEARCH_PATHS = (
					"$(inherited)",
					"@executable_path/Frameworks",
				);
				PRODUCT_BUNDLE_IDENTIFIER = sg.charles.TabTab;
				PRODUCT_NAME = "$(TARGET_NAME)";
				SWIFT_VERSION = 5.0;
				TARGETED_DEVICE_FAMILY = "1,2";
			};
			name = Release;
		};
/* End XCBuildConfiguration section */

/* Begin XCConfigurationList section */
		56CB45D923D975FE00906869 /* Build configuration list for PBXProject "TabTab" */ = {
			isa = XCConfigurationList;
			buildConfigurations = (
				56CB45F323D975FF00906869 /* Debug */,
				56CB45F423D975FF00906869 /* Release */,
			);
			defaultConfigurationIsVisible = 0;
			defaultConfigurationName = Release;
		};
		56CB45F523D975FF00906869 /* Build configuration list for PBXNativeTarget "TabTab" */ = {
			isa = XCConfigurationList;
			buildConfigurations = (
				56CB45F623D975FF00906869 /* Debug */,
				56CB45F723D975FF00906869 /* Release */,
			);
			defaultConfigurationIsVisible = 0;
			defaultConfigurationName = Release;
		};
/* End XCConfigurationList section */

/* Begin XCVersionGroup section */
		56CB45EA23D975FE00906869 /* TabTab.xcdatamodeld */ = {
			isa = XCVersionGroup;
			children = (
				56CB45EB23D975FE00906869 /* TabTab.xcdatamodel */,
			);
			currentVersion = 56CB45EB23D975FE00906869 /* TabTab.xcdatamodel */;
			path = TabTab.xcdatamodeld;
			sourceTree = "<group>";
			versionGroupType = wrapper.xcdatamodel;
		};
/* End XCVersionGroup section */
	};
	rootObject = 56CB45D623D975FE00906869 /* Project object */;
}
